Microsoft Visual Studio Solution File, Format Version 11.00
# Visual Studio 2008

Project("{5FD7F666-2791-E733-5344-20AA5D0202C9}") = "SS13_Test", "Assembly-CSharp-firstpass-vs.csproj", "{31E53456-5E90-DC0F-5D9F-51C9ABCBF6C0}"
EndProject
Project("{5FD7F666-2791-E733-5344-20AA5D0202C9}") = "SS13_Test", "Assembly-CSharp-vs.csproj", "{1850FFF4-D449-A199-1491-317D74F675C4}"
EndProject
Global
	GlobalSection(SolutionConfigurationPlatforms) = preSolution
		Debug|Any CPU = Debug|Any CPU
		Release|Any CPU = Release|Any CPU
	EndGlobalSection
	GlobalSection(ProjectConfigurationPlatforms) = postSolution
		{31E53456-5E90-DC0F-5D9F-51C9ABCBF6C0}.Debug|Any CPU.ActiveCfg = Debug|Any CPU
		{31E53456-5E90-DC0F-5D9F-51C9ABCBF6C0}.Debug|Any CPU.Build.0 = Debug|Any CPU
		{31E53456-5E90-DC0F-5D9F-51C9ABCBF6C0}.Release|Any CPU.ActiveCfg = Release|Any CPU
		{31E53456-5E90-DC0F-5D9F-51C9ABCBF6C0}.Release|Any CPU.Build.0 = Release|Any CPU
		{1850FFF4-D449-A199-1491-317D74F675C4}.Debug|Any CPU.ActiveCfg = Debug|Any CPU
		{1850FFF4-D449-A199-1491-317D74F675C4}.Debug|Any CPU.Build.0 = Debug|Any CPU
		{1850FFF4-D449-A199-1491-317D74F675C4}.Release|Any CPU.ActiveCfg = Release|Any CPU
		{1850FFF4-D449-A199-1491-317D74F675C4}.Release|Any CPU.Build.0 = Release|Any CPU
	EndGlobalSection
	GlobalSection(SolutionProperties) = preSolution
		HideSolutionNode = FALSE
	EndGlobalSection
										GlobalSection(MonoDevelopProperties) = preSolution
		StartupItem = Assembly-CSharp.csproj
		Policies = $0
		$0.TextStylePolicy = $1
		$1.inheritsSet = null
		$1.scope = text/x-csharp
		$0.CSharpFormattingPolicy = $2
		$2.inheritsSet = Mono
		$2.inheritsScope = text/x-csharp
		$2.scope = text/x-csharp
		$0.TextStylePolicy = $3
		$3.FileWidth = 120
		$3.TabWidth = 4
		$3.EolMarker = Unix
		$3.inheritsSet = Mono
		$3.inheritsScope = text/plain
		$3.scope = text/plain
	EndGlobalSection

EndGlobal
