
Microsoft Visual Studio Solution File, Format Version 12.00
# Visual Studio 2013
VisualStudioVersion = 12.0.40629.0
MinimumVisualStudioVersion = 10.0.40219.1
Project("{FAE04EC0-301F-11D3-BF4B-00C04F79EFBC}") = "OutpostOmega.Data", "ProjectSpace.Data\OutpostOmega.Data.csproj", "{6B48DD08-7B2C-43B6-8033-AAE8580AC76C}"
EndProject
Project("{FAE04EC0-301F-11D3-BF4B-00C04F79EFBC}") = "OutpostOmega.Test", "ProjectSpace.Test\OutpostOmega.Test.csproj", "{4665C49C-467A-4FBB-8FBA-DB11E95507E6}"
EndProject
Project("{FAE04EC0-301F-11D3-BF4B-00C04F79EFBC}") = "OutpostOmega.Network", "ProjectSpace.Network\OutpostOmega.Network.csproj", "{FB552ECF-D646-4AF7-8CE0-41792D368FF1}"
EndProject
Project("{FAE04EC0-301F-11D3-BF4B-00C04F79EFBC}") = "Lidgren.Network", "Lidgren.Network\Lidgren.Network.csproj", "{49BA1C69-6104-41AC-A5D8-B54FA9F696E8}"
EndProject
Project("{FAE04EC0-301F-11D3-BF4B-00C04F79EFBC}") = "OutpostOmega.Server", "ProjectSpace.Server\OutpostOmega.Server.csproj", "{1091125C-078F-4030-9DBB-A90B9FAC5074}"
EndProject
Project("{FAE04EC0-301F-11D3-BF4B-00C04F79EFBC}") = "Jitter", "Jitter\Jitter.csproj", "{AA03EF1A-94F7-4D30-AB14-2092863FF923}"
EndProject
Project("{FAE04EC0-301F-11D3-BF4B-00C04F79EFBC}") = "OutpostOmega.Game", "ProjectSpace.Game\OutpostOmega.Game.csproj", "{9724BB02-8414-4BAD-B9C5-BF61C7836C4E}"
EndProject
Project("{FAE04EC0-301F-11D3-BF4B-00C04F79EFBC}") = "OutpostOmega", "ProjectSpace\OutpostOmega.csproj", "{45DA9BF4-6A75-4437-B292-74832EBCCD2E}"
EndProject
Project("{FAE04EC0-301F-11D3-BF4B-00C04F79EFBC}") = "Grendgine_Collada", "ColladaImport\Grendgine_Collada.csproj", "{030374A0-C1E8-484C-942C-CF8A990AA4EF}"
EndProject
Project("{FAE04EC0-301F-11D3-BF4B-00C04F79EFBC}") = "Gwen", "Gwen\Gwen.csproj", "{ADDA2F43-96C0-497F-8216-29C67ABC9806}"
EndProject
Project("{FAE04EC0-301F-11D3-BF4B-00C04F79EFBC}") = "OutpostOmega.Launcher", "ProjectSpace.Launcher\OutpostOmega.Launcher.csproj", "{E78EA0EB-DCB6-4E9C-9D71-4624F17A3069}"
EndProject
Project("{FAE04EC0-301F-11D3-BF4B-00C04F79EFBC}") = "OutpostOmega.Updateserver", "ProjectSpace.Updateserver\OutpostOmega.Updateserver.csproj", "{438D1EAC-9024-48D3-BF5C-64FA45EBAD97}"
EndProject
Project("{FAE04EC0-301F-11D3-BF4B-00C04F79EFBC}") = "DragonOgg", "DragonOgg\DragonOgg.csproj", "{BB438628-F3CB-4E04-8E25-5A332C010FA5}"
EndProject
Project("{FAE04EC0-301F-11D3-BF4B-00C04F79EFBC}") = "DirectShowLib", "DirectShow\DirectShowLib.csproj", "{CE009BFA-5EF6-4153-B2A1-2FA79698A9AE}"
EndProject
Project("{FAE04EC0-301F-11D3-BF4B-00C04F79EFBC}") = "LuaInterface", "LuaInterface\LuaInterface.csproj", "{F55CABBB-4108-4A39-94E1-581FD46DC021}"
EndProject
Project("{FAE04EC0-301F-11D3-BF4B-00C04F79EFBC}") = "ScintillaNET", "ScintillaNET\ScintillaNET.csproj", "{22AE2386-60F1-476E-9303-61CDB0AAC4CF}"
EndProject
Project("{FAE04EC0-301F-11D3-BF4B-00C04F79EFBC}") = "OutpostOmega.ModMaker", "OutpostOmega.ModMaker\OutpostOmega.ModMaker.csproj", "{6053AD6B-405B-4F9F-8F6B-8FA3B05AA7F8}"
EndProject
Project("{FAE04EC0-301F-11D3-BF4B-00C04F79EFBC}") = "UnitTest", "UnitTest\UnitTest.csproj", "{6B168ED9-1D66-41C7-8C59-2827C8D3BB54}"
EndProject
Project("{FAE04EC0-301F-11D3-BF4B-00C04F79EFBC}") = "OutpostOmega.Error", "OutpostOmega.Error\OutpostOmega.Error.csproj", "{4CBA9659-2229-457E-9929-F28804E840D5}"
EndProject
Global
	GlobalSection(SolutionConfigurationPlatforms) = preSolution
		Debug|Any CPU = Debug|Any CPU
		Debug|Mixed Platforms = Debug|Mixed Platforms
		Debug|x64 = Debug|x64
		Debug|x86 = Debug|x86
		Launch|Any CPU = Launch|Any CPU
		Launch|Mixed Platforms = Launch|Mixed Platforms
		Launch|x64 = Launch|x64
		Launch|x86 = Launch|x86
		Release|Any CPU = Release|Any CPU
		Release|Mixed Platforms = Release|Mixed Platforms
		Release|x64 = Release|x64
		Release|x86 = Release|x86
	EndGlobalSection
	GlobalSection(ProjectConfigurationPlatforms) = postSolution
		{6B48DD08-7B2C-43B6-8033-AAE8580AC76C}.Debug|Any CPU.ActiveCfg = Debug|Any CPU
		{6B48DD08-7B2C-43B6-8033-AAE8580AC76C}.Debug|Any CPU.Build.0 = Debug|Any CPU
		{6B48DD08-7B2C-43B6-8033-AAE8580AC76C}.Debug|Mixed Platforms.ActiveCfg = Debug|Any CPU
		{6B48DD08-7B2C-43B6-8033-AAE8580AC76C}.Debug|Mixed Platforms.Build.0 = Debug|Any CPU
		{6B48DD08-7B2C-43B6-8033-AAE8580AC76C}.Debug|x64.ActiveCfg = Debug|x64
		{6B48DD08-7B2C-43B6-8033-AAE8580AC76C}.Debug|x64.Build.0 = Debug|x64
		{6B48DD08-7B2C-43B6-8033-AAE8580AC76C}.Debug|x86.ActiveCfg = Debug|Any CPU
		{6B48DD08-7B2C-43B6-8033-AAE8580AC76C}.Launch|Any CPU.ActiveCfg = Launch|Any CPU
		{6B48DD08-7B2C-43B6-8033-AAE8580AC76C}.Launch|Any CPU.Build.0 = Launch|Any CPU
		{6B48DD08-7B2C-43B6-8033-AAE8580AC76C}.Launch|Mixed Platforms.ActiveCfg = Launch|Any CPU
		{6B48DD08-7B2C-43B6-8033-AAE8580AC76C}.Launch|Mixed Platforms.Build.0 = Launch|Any CPU
		{6B48DD08-7B2C-43B6-8033-AAE8580AC76C}.Launch|x64.ActiveCfg = Launch|x64
		{6B48DD08-7B2C-43B6-8033-AAE8580AC76C}.Launch|x64.Build.0 = Launch|x64
		{6B48DD08-7B2C-43B6-8033-AAE8580AC76C}.Launch|x86.ActiveCfg = Launch|Any CPU
		{6B48DD08-7B2C-43B6-8033-AAE8580AC76C}.Release|Any CPU.ActiveCfg = Release|Any CPU
		{6B48DD08-7B2C-43B6-8033-AAE8580AC76C}.Release|Any CPU.Build.0 = Release|Any CPU
		{6B48DD08-7B2C-43B6-8033-AAE8580AC76C}.Release|Mixed Platforms.ActiveCfg = Release|Any CPU
		{6B48DD08-7B2C-43B6-8033-AAE8580AC76C}.Release|Mixed Platforms.Build.0 = Release|Any CPU
		{6B48DD08-7B2C-43B6-8033-AAE8580AC76C}.Release|x64.ActiveCfg = Release|x64
		{6B48DD08-7B2C-43B6-8033-AAE8580AC76C}.Release|x64.Build.0 = Release|x64
		{6B48DD08-7B2C-43B6-8033-AAE8580AC76C}.Release|x86.ActiveCfg = Release|Any CPU
		{4665C49C-467A-4FBB-8FBA-DB11E95507E6}.Debug|Any CPU.ActiveCfg = Debug|x86
		{4665C49C-467A-4FBB-8FBA-DB11E95507E6}.Debug|Any CPU.Build.0 = Debug|x86
		{4665C49C-467A-4FBB-8FBA-DB11E95507E6}.Debug|Mixed Platforms.ActiveCfg = Debug|x86
		{4665C49C-467A-4FBB-8FBA-DB11E95507E6}.Debug|Mixed Platforms.Build.0 = Debug|x86
		{4665C49C-467A-4FBB-8FBA-DB11E95507E6}.Debug|x64.ActiveCfg = Debug|x64
		{4665C49C-467A-4FBB-8FBA-DB11E95507E6}.Debug|x86.ActiveCfg = Debug|x86
		{4665C49C-467A-4FBB-8FBA-DB11E95507E6}.Debug|x86.Build.0 = Debug|x86
		{4665C49C-467A-4FBB-8FBA-DB11E95507E6}.Launch|Any CPU.ActiveCfg = Launch|x86
		{4665C49C-467A-4FBB-8FBA-DB11E95507E6}.Launch|Mixed Platforms.ActiveCfg = Launch|x86
		{4665C49C-467A-4FBB-8FBA-DB11E95507E6}.Launch|Mixed Platforms.Build.0 = Launch|x86
		{4665C49C-467A-4FBB-8FBA-DB11E95507E6}.Launch|x64.ActiveCfg = Launch|x64
		{4665C49C-467A-4FBB-8FBA-DB11E95507E6}.Launch|x86.ActiveCfg = Launch|x86
		{4665C49C-467A-4FBB-8FBA-DB11E95507E6}.Release|Any CPU.ActiveCfg = Release|x86
		{4665C49C-467A-4FBB-8FBA-DB11E95507E6}.Release|Mixed Platforms.ActiveCfg = Release|x86
		{4665C49C-467A-4FBB-8FBA-DB11E95507E6}.Release|Mixed Platforms.Build.0 = Release|x86
		{4665C49C-467A-4FBB-8FBA-DB11E95507E6}.Release|x64.ActiveCfg = Release|x64
		{4665C49C-467A-4FBB-8FBA-DB11E95507E6}.Release|x86.ActiveCfg = Release|x86
		{4665C49C-467A-4FBB-8FBA-DB11E95507E6}.Release|x86.Build.0 = Release|x86
		{FB552ECF-D646-4AF7-8CE0-41792D368FF1}.Debug|Any CPU.ActiveCfg = Debug|Any CPU
		{FB552ECF-D646-4AF7-8CE0-41792D368FF1}.Debug|Any CPU.Build.0 = Debug|Any CPU
		{FB552ECF-D646-4AF7-8CE0-41792D368FF1}.Debug|Mixed Platforms.ActiveCfg = Debug|Any CPU
		{FB552ECF-D646-4AF7-8CE0-41792D368FF1}.Debug|Mixed Platforms.Build.0 = Debug|Any CPU
		{FB552ECF-D646-4AF7-8CE0-41792D368FF1}.Debug|x64.ActiveCfg = Debug|x64
		{FB552ECF-D646-4AF7-8CE0-41792D368FF1}.Debug|x64.Build.0 = Debug|x64
		{FB552ECF-D646-4AF7-8CE0-41792D368FF1}.Debug|x86.ActiveCfg = Debug|Any CPU
		{FB552ECF-D646-4AF7-8CE0-41792D368FF1}.Launch|Any CPU.ActiveCfg = Launch|Any CPU
		{FB552ECF-D646-4AF7-8CE0-41792D368FF1}.Launch|Any CPU.Build.0 = Launch|Any CPU
		{FB552ECF-D646-4AF7-8CE0-41792D368FF1}.Launch|Mixed Platforms.ActiveCfg = Launch|Any CPU
		{FB552ECF-D646-4AF7-8CE0-41792D368FF1}.Launch|Mixed Platforms.Build.0 = Launch|Any CPU
		{FB552ECF-D646-4AF7-8CE0-41792D368FF1}.Launch|x64.ActiveCfg = Launch|x64
		{FB552ECF-D646-4AF7-8CE0-41792D368FF1}.Launch|x64.Build.0 = Launch|x64
		{FB552ECF-D646-4AF7-8CE0-41792D368FF1}.Launch|x86.ActiveCfg = Launch|Any CPU
		{FB552ECF-D646-4AF7-8CE0-41792D368FF1}.Release|Any CPU.ActiveCfg = Release|Any CPU
		{FB552ECF-D646-4AF7-8CE0-41792D368FF1}.Release|Any CPU.Build.0 = Release|Any CPU
		{FB552ECF-D646-4AF7-8CE0-41792D368FF1}.Release|Mixed Platforms.ActiveCfg = Release|Any CPU
		{FB552ECF-D646-4AF7-8CE0-41792D368FF1}.Release|Mixed Platforms.Build.0 = Release|Any CPU
		{FB552ECF-D646-4AF7-8CE0-41792D368FF1}.Release|x64.ActiveCfg = Release|x64
		{FB552ECF-D646-4AF7-8CE0-41792D368FF1}.Release|x64.Build.0 = Release|x64
		{FB552ECF-D646-4AF7-8CE0-41792D368FF1}.Release|x86.ActiveCfg = Release|Any CPU
		{49BA1C69-6104-41AC-A5D8-B54FA9F696E8}.Debug|Any CPU.ActiveCfg = Debug|Any CPU
		{49BA1C69-6104-41AC-A5D8-B54FA9F696E8}.Debug|Any CPU.Build.0 = Debug|Any CPU
		{49BA1C69-6104-41AC-A5D8-B54FA9F696E8}.Debug|Mixed Platforms.ActiveCfg = Debug|Any CPU
		{49BA1C69-6104-41AC-A5D8-B54FA9F696E8}.Debug|Mixed Platforms.Build.0 = Debug|Any CPU
		{49BA1C69-6104-41AC-A5D8-B54FA9F696E8}.Debug|x64.ActiveCfg = Debug|x64
		{49BA1C69-6104-41AC-A5D8-B54FA9F696E8}.Debug|x64.Build.0 = Debug|x64
		{49BA1C69-6104-41AC-A5D8-B54FA9F696E8}.Debug|x86.ActiveCfg = Debug|Any CPU
		{49BA1C69-6104-41AC-A5D8-B54FA9F696E8}.Launch|Any CPU.ActiveCfg = Launch|Any CPU
		{49BA1C69-6104-41AC-A5D8-B54FA9F696E8}.Launch|Any CPU.Build.0 = Launch|Any CPU
		{49BA1C69-6104-41AC-A5D8-B54FA9F696E8}.Launch|Mixed Platforms.ActiveCfg = Launch|Any CPU
		{49BA1C69-6104-41AC-A5D8-B54FA9F696E8}.Launch|Mixed Platforms.Build.0 = Launch|Any CPU
		{49BA1C69-6104-41AC-A5D8-B54FA9F696E8}.Launch|x64.ActiveCfg = Launch|x64
		{49BA1C69-6104-41AC-A5D8-B54FA9F696E8}.Launch|x64.Build.0 = Launch|x64
		{49BA1C69-6104-41AC-A5D8-B54FA9F696E8}.Launch|x86.ActiveCfg = Launch|Any CPU
		{49BA1C69-6104-41AC-A5D8-B54FA9F696E8}.Release|Any CPU.ActiveCfg = Release|Any CPU
		{49BA1C69-6104-41AC-A5D8-B54FA9F696E8}.Release|Any CPU.Build.0 = Release|Any CPU
		{49BA1C69-6104-41AC-A5D8-B54FA9F696E8}.Release|Mixed Platforms.ActiveCfg = Release|Any CPU
		{49BA1C69-6104-41AC-A5D8-B54FA9F696E8}.Release|Mixed Platforms.Build.0 = Release|Any CPU
		{49BA1C69-6104-41AC-A5D8-B54FA9F696E8}.Release|x64.ActiveCfg = Release|x64
		{49BA1C69-6104-41AC-A5D8-B54FA9F696E8}.Release|x64.Build.0 = Release|x64
		{49BA1C69-6104-41AC-A5D8-B54FA9F696E8}.Release|x86.ActiveCfg = Release|Any CPU
		{1091125C-078F-4030-9DBB-A90B9FAC5074}.Debug|Any CPU.ActiveCfg = Debug|Any CPU
		{1091125C-078F-4030-9DBB-A90B9FAC5074}.Debug|Any CPU.Build.0 = Debug|Any CPU
		{1091125C-078F-4030-9DBB-A90B9FAC5074}.Debug|Mixed Platforms.ActiveCfg = Debug|Any CPU
		{1091125C-078F-4030-9DBB-A90B9FAC5074}.Debug|Mixed Platforms.Build.0 = Debug|Any CPU
		{1091125C-078F-4030-9DBB-A90B9FAC5074}.Debug|x64.ActiveCfg = Debug|x64
		{1091125C-078F-4030-9DBB-A90B9FAC5074}.Debug|x64.Build.0 = Debug|x64
		{1091125C-078F-4030-9DBB-A90B9FAC5074}.Debug|x86.ActiveCfg = Debug|Any CPU
		{1091125C-078F-4030-9DBB-A90B9FAC5074}.Launch|Any CPU.ActiveCfg = Launch|Any CPU
		{1091125C-078F-4030-9DBB-A90B9FAC5074}.Launch|Any CPU.Build.0 = Launch|Any CPU
		{1091125C-078F-4030-9DBB-A90B9FAC5074}.Launch|Mixed Platforms.ActiveCfg = Launch|Any CPU
		{1091125C-078F-4030-9DBB-A90B9FAC5074}.Launch|Mixed Platforms.Build.0 = Launch|Any CPU
		{1091125C-078F-4030-9DBB-A90B9FAC5074}.Launch|x64.ActiveCfg = Launch|x64
		{1091125C-078F-4030-9DBB-A90B9FAC5074}.Launch|x64.Build.0 = Launch|x64
		{1091125C-078F-4030-9DBB-A90B9FAC5074}.Launch|x86.ActiveCfg = Launch|Any CPU
		{1091125C-078F-4030-9DBB-A90B9FAC5074}.Release|Any CPU.ActiveCfg = Release|Any CPU
		{1091125C-078F-4030-9DBB-A90B9FAC5074}.Release|Any CPU.Build.0 = Release|Any CPU
		{1091125C-078F-4030-9DBB-A90B9FAC5074}.Release|Mixed Platforms.ActiveCfg = Release|Any CPU
		{1091125C-078F-4030-9DBB-A90B9FAC5074}.Release|Mixed Platforms.Build.0 = Release|Any CPU
		{1091125C-078F-4030-9DBB-A90B9FAC5074}.Release|x64.ActiveCfg = Release|x64
		{1091125C-078F-4030-9DBB-A90B9FAC5074}.Release|x64.Build.0 = Release|x64
		{1091125C-078F-4030-9DBB-A90B9FAC5074}.Release|x86.ActiveCfg = Release|Any CPU
		{AA03EF1A-94F7-4D30-AB14-2092863FF923}.Debug|Any CPU.ActiveCfg = Debug|Any CPU
		{AA03EF1A-94F7-4D30-AB14-2092863FF923}.Debug|Any CPU.Build.0 = Debug|Any CPU
		{AA03EF1A-94F7-4D30-AB14-2092863FF923}.Debug|Mixed Platforms.ActiveCfg = Debug|Any CPU
		{AA03EF1A-94F7-4D30-AB14-2092863FF923}.Debug|Mixed Platforms.Build.0 = Debug|Any CPU
		{AA03EF1A-94F7-4D30-AB14-2092863FF923}.Debug|x64.ActiveCfg = Debug|x64
		{AA03EF1A-94F7-4D30-AB14-2092863FF923}.Debug|x64.Build.0 = Debug|x64
		{AA03EF1A-94F7-4D30-AB14-2092863FF923}.Debug|x86.ActiveCfg = Debug|Any CPU
		{AA03EF1A-94F7-4D30-AB14-2092863FF923}.Launch|Any CPU.ActiveCfg = Launch|Any CPU
		{AA03EF1A-94F7-4D30-AB14-2092863FF923}.Launch|Any CPU.Build.0 = Launch|Any CPU
		{AA03EF1A-94F7-4D30-AB14-2092863FF923}.Launch|Mixed Platforms.ActiveCfg = Launch|Any CPU
		{AA03EF1A-94F7-4D30-AB14-2092863FF923}.Launch|Mixed Platforms.Build.0 = Launch|Any CPU
		{AA03EF1A-94F7-4D30-AB14-2092863FF923}.Launch|x64.ActiveCfg = Launch|x64
		{AA03EF1A-94F7-4D30-AB14-2092863FF923}.Launch|x64.Build.0 = Launch|x64
		{AA03EF1A-94F7-4D30-AB14-2092863FF923}.Launch|x86.ActiveCfg = Launch|Any CPU
		{AA03EF1A-94F7-4D30-AB14-2092863FF923}.Release|Any CPU.ActiveCfg = Release|Any CPU
		{AA03EF1A-94F7-4D30-AB14-2092863FF923}.Release|Any CPU.Build.0 = Release|Any CPU
		{AA03EF1A-94F7-4D30-AB14-2092863FF923}.Release|Mixed Platforms.ActiveCfg = Release|Any CPU
		{AA03EF1A-94F7-4D30-AB14-2092863FF923}.Release|Mixed Platforms.Build.0 = Release|Any CPU
		{AA03EF1A-94F7-4D30-AB14-2092863FF923}.Release|x64.ActiveCfg = Release|x64
		{AA03EF1A-94F7-4D30-AB14-2092863FF923}.Release|x64.Build.0 = Release|x64
		{AA03EF1A-94F7-4D30-AB14-2092863FF923}.Release|x86.ActiveCfg = Release|Any CPU
		{9724BB02-8414-4BAD-B9C5-BF61C7836C4E}.Debug|Any CPU.ActiveCfg = Debug|Any CPU
		{9724BB02-8414-4BAD-B9C5-BF61C7836C4E}.Debug|Any CPU.Build.0 = Debug|Any CPU
		{9724BB02-8414-4BAD-B9C5-BF61C7836C4E}.Debug|Mixed Platforms.ActiveCfg = Debug|Any CPU
		{9724BB02-8414-4BAD-B9C5-BF61C7836C4E}.Debug|Mixed Platforms.Build.0 = Debug|Any CPU
		{9724BB02-8414-4BAD-B9C5-BF61C7836C4E}.Debug|x64.ActiveCfg = Debug|x64
		{9724BB02-8414-4BAD-B9C5-BF61C7836C4E}.Debug|x64.Build.0 = Debug|x64
		{9724BB02-8414-4BAD-B9C5-BF61C7836C4E}.Debug|x86.ActiveCfg = Debug|Any CPU
		{9724BB02-8414-4BAD-B9C5-BF61C7836C4E}.Launch|Any CPU.ActiveCfg = Launch|Any CPU
		{9724BB02-8414-4BAD-B9C5-BF61C7836C4E}.Launch|Any CPU.Build.0 = Launch|Any CPU
		{9724BB02-8414-4BAD-B9C5-BF61C7836C4E}.Launch|Mixed Platforms.ActiveCfg = Launch|Any CPU
		{9724BB02-8414-4BAD-B9C5-BF61C7836C4E}.Launch|Mixed Platforms.Build.0 = Launch|Any CPU
		{9724BB02-8414-4BAD-B9C5-BF61C7836C4E}.Launch|x64.ActiveCfg = Launch|x64
		{9724BB02-8414-4BAD-B9C5-BF61C7836C4E}.Launch|x64.Build.0 = Launch|x64
		{9724BB02-8414-4BAD-B9C5-BF61C7836C4E}.Launch|x86.ActiveCfg = Launch|Any CPU
		{9724BB02-8414-4BAD-B9C5-BF61C7836C4E}.Release|Any CPU.ActiveCfg = Release|Any CPU
		{9724BB02-8414-4BAD-B9C5-BF61C7836C4E}.Release|Any CPU.Build.0 = Release|Any CPU
		{9724BB02-8414-4BAD-B9C5-BF61C7836C4E}.Release|Mixed Platforms.ActiveCfg = Release|Any CPU
		{9724BB02-8414-4BAD-B9C5-BF61C7836C4E}.Release|Mixed Platforms.Build.0 = Release|Any CPU
		{9724BB02-8414-4BAD-B9C5-BF61C7836C4E}.Release|x64.ActiveCfg = Release|x64
		{9724BB02-8414-4BAD-B9C5-BF61C7836C4E}.Release|x64.Build.0 = Release|x64
		{9724BB02-8414-4BAD-B9C5-BF61C7836C4E}.Release|x86.ActiveCfg = Release|Any CPU
		{45DA9BF4-6A75-4437-B292-74832EBCCD2E}.Debug|Any CPU.ActiveCfg = Debug|Any CPU
		{45DA9BF4-6A75-4437-B292-74832EBCCD2E}.Debug|Any CPU.Build.0 = Debug|Any CPU
		{45DA9BF4-6A75-4437-B292-74832EBCCD2E}.Debug|Mixed Platforms.ActiveCfg = Debug|Any CPU
		{45DA9BF4-6A75-4437-B292-74832EBCCD2E}.Debug|Mixed Platforms.Build.0 = Debug|Any CPU
		{45DA9BF4-6A75-4437-B292-74832EBCCD2E}.Debug|x64.ActiveCfg = Debug|x64
		{45DA9BF4-6A75-4437-B292-74832EBCCD2E}.Debug|x64.Build.0 = Debug|x64
		{45DA9BF4-6A75-4437-B292-74832EBCCD2E}.Debug|x86.ActiveCfg = Debug|Any CPU
		{45DA9BF4-6A75-4437-B292-74832EBCCD2E}.Launch|Any CPU.ActiveCfg = Launch|Any CPU
		{45DA9BF4-6A75-4437-B292-74832EBCCD2E}.Launch|Any CPU.Build.0 = Launch|Any CPU
		{45DA9BF4-6A75-4437-B292-74832EBCCD2E}.Launch|Mixed Platforms.ActiveCfg = Launch|Any CPU
		{45DA9BF4-6A75-4437-B292-74832EBCCD2E}.Launch|Mixed Platforms.Build.0 = Launch|Any CPU
		{45DA9BF4-6A75-4437-B292-74832EBCCD2E}.Launch|x64.ActiveCfg = Launch|x64
		{45DA9BF4-6A75-4437-B292-74832EBCCD2E}.Launch|x64.Build.0 = Launch|x64
		{45DA9BF4-6A75-4437-B292-74832EBCCD2E}.Launch|x86.ActiveCfg = Launch|Any CPU
		{45DA9BF4-6A75-4437-B292-74832EBCCD2E}.Release|Any CPU.ActiveCfg = Release|Any CPU
		{45DA9BF4-6A75-4437-B292-74832EBCCD2E}.Release|Any CPU.Build.0 = Release|Any CPU
		{45DA9BF4-6A75-4437-B292-74832EBCCD2E}.Release|Mixed Platforms.ActiveCfg = Release|Any CPU
		{45DA9BF4-6A75-4437-B292-74832EBCCD2E}.Release|Mixed Platforms.Build.0 = Release|Any CPU
		{45DA9BF4-6A75-4437-B292-74832EBCCD2E}.Release|x64.ActiveCfg = Release|x64
		{45DA9BF4-6A75-4437-B292-74832EBCCD2E}.Release|x64.Build.0 = Release|x64
		{45DA9BF4-6A75-4437-B292-74832EBCCD2E}.Release|x86.ActiveCfg = Release|Any CPU
		{030374A0-C1E8-484C-942C-CF8A990AA4EF}.Debug|Any CPU.ActiveCfg = Debug|Any CPU
		{030374A0-C1E8-484C-942C-CF8A990AA4EF}.Debug|Any CPU.Build.0 = Debug|Any CPU
		{030374A0-C1E8-484C-942C-CF8A990AA4EF}.Debug|Mixed Platforms.ActiveCfg = Debug|Any CPU
		{030374A0-C1E8-484C-942C-CF8A990AA4EF}.Debug|Mixed Platforms.Build.0 = Debug|Any CPU
		{030374A0-C1E8-484C-942C-CF8A990AA4EF}.Debug|x64.ActiveCfg = Debug|x64
		{030374A0-C1E8-484C-942C-CF8A990AA4EF}.Debug|x64.Build.0 = Debug|x64
		{030374A0-C1E8-484C-942C-CF8A990AA4EF}.Debug|x86.ActiveCfg = Debug|Any CPU
		{030374A0-C1E8-484C-942C-CF8A990AA4EF}.Launch|Any CPU.ActiveCfg = Launch|Any CPU
		{030374A0-C1E8-484C-942C-CF8A990AA4EF}.Launch|Any CPU.Build.0 = Launch|Any CPU
		{030374A0-C1E8-484C-942C-CF8A990AA4EF}.Launch|Mixed Platforms.ActiveCfg = Launch|Any CPU
		{030374A0-C1E8-484C-942C-CF8A990AA4EF}.Launch|Mixed Platforms.Build.0 = Launch|Any CPU
		{030374A0-C1E8-484C-942C-CF8A990AA4EF}.Launch|x64.ActiveCfg = Launch|x64
		{030374A0-C1E8-484C-942C-CF8A990AA4EF}.Launch|x64.Build.0 = Launch|x64
		{030374A0-C1E8-484C-942C-CF8A990AA4EF}.Launch|x86.ActiveCfg = Launch|Any CPU
		{030374A0-C1E8-484C-942C-CF8A990AA4EF}.Release|Any CPU.ActiveCfg = Release|Any CPU
		{030374A0-C1E8-484C-942C-CF8A990AA4EF}.Release|Any CPU.Build.0 = Release|Any CPU
		{030374A0-C1E8-484C-942C-CF8A990AA4EF}.Release|Mixed Platforms.ActiveCfg = Release|Any CPU
		{030374A0-C1E8-484C-942C-CF8A990AA4EF}.Release|Mixed Platforms.Build.0 = Release|Any CPU
		{030374A0-C1E8-484C-942C-CF8A990AA4EF}.Release|x64.ActiveCfg = Release|x64
		{030374A0-C1E8-484C-942C-CF8A990AA4EF}.Release|x64.Build.0 = Release|x64
		{030374A0-C1E8-484C-942C-CF8A990AA4EF}.Release|x86.ActiveCfg = Release|Any CPU
		{ADDA2F43-96C0-497F-8216-29C67ABC9806}.Debug|Any CPU.ActiveCfg = Debug|Any CPU
		{ADDA2F43-96C0-497F-8216-29C67ABC9806}.Debug|Any CPU.Build.0 = Debug|Any CPU
		{ADDA2F43-96C0-497F-8216-29C67ABC9806}.Debug|Mixed Platforms.ActiveCfg = Debug|Any CPU
		{ADDA2F43-96C0-497F-8216-29C67ABC9806}.Debug|Mixed Platforms.Build.0 = Debug|Any CPU
		{ADDA2F43-96C0-497F-8216-29C67ABC9806}.Debug|x64.ActiveCfg = Debug|x64
		{ADDA2F43-96C0-497F-8216-29C67ABC9806}.Debug|x64.Build.0 = Debug|x64
		{ADDA2F43-96C0-497F-8216-29C67ABC9806}.Debug|x86.ActiveCfg = Debug|Any CPU
		{ADDA2F43-96C0-497F-8216-29C67ABC9806}.Launch|Any CPU.ActiveCfg = Launch|Any CPU
		{ADDA2F43-96C0-497F-8216-29C67ABC9806}.Launch|Any CPU.Build.0 = Launch|Any CPU
		{ADDA2F43-96C0-497F-8216-29C67ABC9806}.Launch|Mixed Platforms.ActiveCfg = Launch|Any CPU
		{ADDA2F43-96C0-497F-8216-29C67ABC9806}.Launch|Mixed Platforms.Build.0 = Launch|Any CPU
		{ADDA2F43-96C0-497F-8216-29C67ABC9806}.Launch|x64.ActiveCfg = Launch|x64
		{ADDA2F43-96C0-497F-8216-29C67ABC9806}.Launch|x64.Build.0 = Launch|x64
		{ADDA2F43-96C0-497F-8216-29C67ABC9806}.Launch|x86.ActiveCfg = Launch|Any CPU
		{ADDA2F43-96C0-497F-8216-29C67ABC9806}.Release|Any CPU.ActiveCfg = Release|Any CPU
		{ADDA2F43-96C0-497F-8216-29C67ABC9806}.Release|Any CPU.Build.0 = Release|Any CPU
		{ADDA2F43-96C0-497F-8216-29C67ABC9806}.Release|Mixed Platforms.ActiveCfg = Release|Any CPU
		{ADDA2F43-96C0-497F-8216-29C67ABC9806}.Release|Mixed Platforms.Build.0 = Release|Any CPU
		{ADDA2F43-96C0-497F-8216-29C67ABC9806}.Release|x64.ActiveCfg = Release|x64
		{ADDA2F43-96C0-497F-8216-29C67ABC9806}.Release|x64.Build.0 = Release|x64
		{ADDA2F43-96C0-497F-8216-29C67ABC9806}.Release|x86.ActiveCfg = Release|Any CPU
		{E78EA0EB-DCB6-4E9C-9D71-4624F17A3069}.Debug|Any CPU.ActiveCfg = Debug|Any CPU
		{E78EA0EB-DCB6-4E9C-9D71-4624F17A3069}.Debug|Any CPU.Build.0 = Debug|Any CPU
		{E78EA0EB-DCB6-4E9C-9D71-4624F17A3069}.Debug|Mixed Platforms.ActiveCfg = Debug|Any CPU
		{E78EA0EB-DCB6-4E9C-9D71-4624F17A3069}.Debug|Mixed Platforms.Build.0 = Debug|Any CPU
		{E78EA0EB-DCB6-4E9C-9D71-4624F17A3069}.Debug|x64.ActiveCfg = Debug|x64
		{E78EA0EB-DCB6-4E9C-9D71-4624F17A3069}.Debug|x64.Build.0 = Debug|x64
		{E78EA0EB-DCB6-4E9C-9D71-4624F17A3069}.Debug|x86.ActiveCfg = Debug|Any CPU
		{E78EA0EB-DCB6-4E9C-9D71-4624F17A3069}.Launch|Any CPU.ActiveCfg = Launch|Any CPU
		{E78EA0EB-DCB6-4E9C-9D71-4624F17A3069}.Launch|Any CPU.Build.0 = Launch|Any CPU
		{E78EA0EB-DCB6-4E9C-9D71-4624F17A3069}.Launch|Mixed Platforms.ActiveCfg = Launch|Any CPU
		{E78EA0EB-DCB6-4E9C-9D71-4624F17A3069}.Launch|Mixed Platforms.Build.0 = Launch|Any CPU
		{E78EA0EB-DCB6-4E9C-9D71-4624F17A3069}.Launch|x64.ActiveCfg = Launch|x64
		{E78EA0EB-DCB6-4E9C-9D71-4624F17A3069}.Launch|x64.Build.0 = Launch|x64
		{E78EA0EB-DCB6-4E9C-9D71-4624F17A3069}.Launch|x86.ActiveCfg = Launch|Any CPU
		{E78EA0EB-DCB6-4E9C-9D71-4624F17A3069}.Release|Any CPU.ActiveCfg = Release|Any CPU
		{E78EA0EB-DCB6-4E9C-9D71-4624F17A3069}.Release|Any CPU.Build.0 = Release|Any CPU
		{E78EA0EB-DCB6-4E9C-9D71-4624F17A3069}.Release|Mixed Platforms.ActiveCfg = Release|Any CPU
		{E78EA0EB-DCB6-4E9C-9D71-4624F17A3069}.Release|Mixed Platforms.Build.0 = Release|Any CPU
		{E78EA0EB-DCB6-4E9C-9D71-4624F17A3069}.Release|x64.ActiveCfg = Release|x64
		{E78EA0EB-DCB6-4E9C-9D71-4624F17A3069}.Release|x64.Build.0 = Release|x64
		{E78EA0EB-DCB6-4E9C-9D71-4624F17A3069}.Release|x86.ActiveCfg = Release|Any CPU
		{438D1EAC-9024-48D3-BF5C-64FA45EBAD97}.Debug|Any CPU.ActiveCfg = Debug|Any CPU
		{438D1EAC-9024-48D3-BF5C-64FA45EBAD97}.Debug|Any CPU.Build.0 = Debug|Any CPU
		{438D1EAC-9024-48D3-BF5C-64FA45EBAD97}.Debug|Mixed Platforms.ActiveCfg = Debug|Any CPU
		{438D1EAC-9024-48D3-BF5C-64FA45EBAD97}.Debug|Mixed Platforms.Build.0 = Debug|Any CPU
		{438D1EAC-9024-48D3-BF5C-64FA45EBAD97}.Debug|x64.ActiveCfg = Debug|x64
		{438D1EAC-9024-48D3-BF5C-64FA45EBAD97}.Debug|x64.Build.0 = Debug|x64
		{438D1EAC-9024-48D3-BF5C-64FA45EBAD97}.Debug|x86.ActiveCfg = Debug|Any CPU
		{438D1EAC-9024-48D3-BF5C-64FA45EBAD97}.Launch|Any CPU.ActiveCfg = Launch|Any CPU
		{438D1EAC-9024-48D3-BF5C-64FA45EBAD97}.Launch|Any CPU.Build.0 = Launch|Any CPU
		{438D1EAC-9024-48D3-BF5C-64FA45EBAD97}.Launch|Mixed Platforms.ActiveCfg = Launch|Any CPU
		{438D1EAC-9024-48D3-BF5C-64FA45EBAD97}.Launch|Mixed Platforms.Build.0 = Launch|Any CPU
		{438D1EAC-9024-48D3-BF5C-64FA45EBAD97}.Launch|x64.ActiveCfg = Launch|x64
		{438D1EAC-9024-48D3-BF5C-64FA45EBAD97}.Launch|x64.Build.0 = Launch|x64
		{438D1EAC-9024-48D3-BF5C-64FA45EBAD97}.Launch|x86.ActiveCfg = Launch|Any CPU
		{438D1EAC-9024-48D3-BF5C-64FA45EBAD97}.Release|Any CPU.ActiveCfg = Release|Any CPU
		{438D1EAC-9024-48D3-BF5C-64FA45EBAD97}.Release|Any CPU.Build.0 = Release|Any CPU
		{438D1EAC-9024-48D3-BF5C-64FA45EBAD97}.Release|Mixed Platforms.ActiveCfg = Release|Any CPU
		{438D1EAC-9024-48D3-BF5C-64FA45EBAD97}.Release|Mixed Platforms.Build.0 = Release|Any CPU
		{438D1EAC-9024-48D3-BF5C-64FA45EBAD97}.Release|x64.ActiveCfg = Release|x64
		{438D1EAC-9024-48D3-BF5C-64FA45EBAD97}.Release|x64.Build.0 = Release|x64
		{438D1EAC-9024-48D3-BF5C-64FA45EBAD97}.Release|x86.ActiveCfg = Release|Any CPU
		{BB438628-F3CB-4E04-8E25-5A332C010FA5}.Debug|Any CPU.ActiveCfg = Debug|Any CPU
		{BB438628-F3CB-4E04-8E25-5A332C010FA5}.Debug|Any CPU.Build.0 = Debug|Any CPU
		{BB438628-F3CB-4E04-8E25-5A332C010FA5}.Debug|Mixed Platforms.ActiveCfg = Debug|Any CPU
		{BB438628-F3CB-4E04-8E25-5A332C010FA5}.Debug|Mixed Platforms.Build.0 = Debug|Any CPU
		{BB438628-F3CB-4E04-8E25-5A332C010FA5}.Debug|x64.ActiveCfg = Debug|x64
		{BB438628-F3CB-4E04-8E25-5A332C010FA5}.Debug|x64.Build.0 = Debug|x64
		{BB438628-F3CB-4E04-8E25-5A332C010FA5}.Debug|x86.ActiveCfg = Debug|Any CPU
		{BB438628-F3CB-4E04-8E25-5A332C010FA5}.Launch|Any CPU.ActiveCfg = Launch|Any CPU
		{BB438628-F3CB-4E04-8E25-5A332C010FA5}.Launch|Any CPU.Build.0 = Launch|Any CPU
		{BB438628-F3CB-4E04-8E25-5A332C010FA5}.Launch|Mixed Platforms.ActiveCfg = Launch|Any CPU
		{BB438628-F3CB-4E04-8E25-5A332C010FA5}.Launch|Mixed Platforms.Build.0 = Launch|Any CPU
		{BB438628-F3CB-4E04-8E25-5A332C010FA5}.Launch|x64.ActiveCfg = Launch|x64
		{BB438628-F3CB-4E04-8E25-5A332C010FA5}.Launch|x64.Build.0 = Launch|x64
		{BB438628-F3CB-4E04-8E25-5A332C010FA5}.Launch|x86.ActiveCfg = Launch|Any CPU
		{BB438628-F3CB-4E04-8E25-5A332C010FA5}.Release|Any CPU.ActiveCfg = Release|Any CPU
		{BB438628-F3CB-4E04-8E25-5A332C010FA5}.Release|Any CPU.Build.0 = Release|Any CPU
		{BB438628-F3CB-4E04-8E25-5A332C010FA5}.Release|Mixed Platforms.ActiveCfg = Release|Any CPU
		{BB438628-F3CB-4E04-8E25-5A332C010FA5}.Release|Mixed Platforms.Build.0 = Release|Any CPU
		{BB438628-F3CB-4E04-8E25-5A332C010FA5}.Release|x64.ActiveCfg = Release|x64
		{BB438628-F3CB-4E04-8E25-5A332C010FA5}.Release|x64.Build.0 = Release|x64
		{BB438628-F3CB-4E04-8E25-5A332C010FA5}.Release|x86.ActiveCfg = Release|Any CPU
		{CE009BFA-5EF6-4153-B2A1-2FA79698A9AE}.Debug|Any CPU.ActiveCfg = Debug|Any CPU
		{CE009BFA-5EF6-4153-B2A1-2FA79698A9AE}.Debug|Any CPU.Build.0 = Debug|Any CPU
		{CE009BFA-5EF6-4153-B2A1-2FA79698A9AE}.Debug|Any CPU.Deploy.0 = Debug|Any CPU
		{CE009BFA-5EF6-4153-B2A1-2FA79698A9AE}.Debug|Mixed Platforms.ActiveCfg = Debug|Any CPU
		{CE009BFA-5EF6-4153-B2A1-2FA79698A9AE}.Debug|Mixed Platforms.Build.0 = Debug|Any CPU
		{CE009BFA-5EF6-4153-B2A1-2FA79698A9AE}.Debug|x64.ActiveCfg = Debug|x64
		{CE009BFA-5EF6-4153-B2A1-2FA79698A9AE}.Debug|x64.Build.0 = Debug|x64
		{CE009BFA-5EF6-4153-B2A1-2FA79698A9AE}.Debug|x86.ActiveCfg = Debug|Any CPU
		{CE009BFA-5EF6-4153-B2A1-2FA79698A9AE}.Launch|Any CPU.ActiveCfg = Launch|Any CPU
		{CE009BFA-5EF6-4153-B2A1-2FA79698A9AE}.Launch|Any CPU.Build.0 = Launch|Any CPU
		{CE009BFA-5EF6-4153-B2A1-2FA79698A9AE}.Launch|Mixed Platforms.ActiveCfg = Launch|Any CPU
		{CE009BFA-5EF6-4153-B2A1-2FA79698A9AE}.Launch|Mixed Platforms.Build.0 = Launch|Any CPU
		{CE009BFA-5EF6-4153-B2A1-2FA79698A9AE}.Launch|x64.ActiveCfg = Launch|x64
		{CE009BFA-5EF6-4153-B2A1-2FA79698A9AE}.Launch|x64.Build.0 = Launch|x64
		{CE009BFA-5EF6-4153-B2A1-2FA79698A9AE}.Launch|x86.ActiveCfg = Launch|Any CPU
		{CE009BFA-5EF6-4153-B2A1-2FA79698A9AE}.Release|Any CPU.ActiveCfg = Release|Any CPU
		{CE009BFA-5EF6-4153-B2A1-2FA79698A9AE}.Release|Any CPU.Build.0 = Release|Any CPU
		{CE009BFA-5EF6-4153-B2A1-2FA79698A9AE}.Release|Mixed Platforms.ActiveCfg = Release|Any CPU
		{CE009BFA-5EF6-4153-B2A1-2FA79698A9AE}.Release|Mixed Platforms.Build.0 = Release|Any CPU
		{CE009BFA-5EF6-4153-B2A1-2FA79698A9AE}.Release|x64.ActiveCfg = Release|x64
		{CE009BFA-5EF6-4153-B2A1-2FA79698A9AE}.Release|x64.Build.0 = Release|x64
		{CE009BFA-5EF6-4153-B2A1-2FA79698A9AE}.Release|x86.ActiveCfg = Release|Any CPU
		{F55CABBB-4108-4A39-94E1-581FD46DC021}.Debug|Any CPU.ActiveCfg = Debug|Any CPU
		{F55CABBB-4108-4A39-94E1-581FD46DC021}.Debug|Any CPU.Build.0 = Debug|Any CPU
		{F55CABBB-4108-4A39-94E1-581FD46DC021}.Debug|Mixed Platforms.ActiveCfg = Debug|Any CPU
		{F55CABBB-4108-4A39-94E1-581FD46DC021}.Debug|Mixed Platforms.Build.0 = Debug|Any CPU
		{F55CABBB-4108-4A39-94E1-581FD46DC021}.Debug|x64.ActiveCfg = Debug|x64
		{F55CABBB-4108-4A39-94E1-581FD46DC021}.Debug|x64.Build.0 = Debug|x64
		{F55CABBB-4108-4A39-94E1-581FD46DC021}.Debug|x86.ActiveCfg = Debug|Any CPU
		{F55CABBB-4108-4A39-94E1-581FD46DC021}.Launch|Any CPU.ActiveCfg = Launch|Any CPU
		{F55CABBB-4108-4A39-94E1-581FD46DC021}.Launch|Any CPU.Build.0 = Launch|Any CPU
		{F55CABBB-4108-4A39-94E1-581FD46DC021}.Launch|Mixed Platforms.ActiveCfg = Launch|Any CPU
		{F55CABBB-4108-4A39-94E1-581FD46DC021}.Launch|Mixed Platforms.Build.0 = Launch|Any CPU
		{F55CABBB-4108-4A39-94E1-581FD46DC021}.Launch|x64.ActiveCfg = Launch|x64
		{F55CABBB-4108-4A39-94E1-581FD46DC021}.Launch|x64.Build.0 = Launch|x64
		{F55CABBB-4108-4A39-94E1-581FD46DC021}.Launch|x86.ActiveCfg = Launch|Any CPU
		{F55CABBB-4108-4A39-94E1-581FD46DC021}.Release|Any CPU.ActiveCfg = Release|Any CPU
		{F55CABBB-4108-4A39-94E1-581FD46DC021}.Release|Any CPU.Build.0 = Release|Any CPU
		{F55CABBB-4108-4A39-94E1-581FD46DC021}.Release|Mixed Platforms.ActiveCfg = Release|Any CPU
		{F55CABBB-4108-4A39-94E1-581FD46DC021}.Release|Mixed Platforms.Build.0 = Release|Any CPU
		{F55CABBB-4108-4A39-94E1-581FD46DC021}.Release|x64.ActiveCfg = Release|x64
		{F55CABBB-4108-4A39-94E1-581FD46DC021}.Release|x64.Build.0 = Release|x64
		{F55CABBB-4108-4A39-94E1-581FD46DC021}.Release|x86.ActiveCfg = Release|Any CPU
		{22AE2386-60F1-476E-9303-61CDB0AAC4CF}.Debug|Any CPU.ActiveCfg = Debug|Any CPU
		{22AE2386-60F1-476E-9303-61CDB0AAC4CF}.Debug|Any CPU.Build.0 = Debug|Any CPU
		{22AE2386-60F1-476E-9303-61CDB0AAC4CF}.Debug|Mixed Platforms.ActiveCfg = Debug|Any CPU
		{22AE2386-60F1-476E-9303-61CDB0AAC4CF}.Debug|Mixed Platforms.Build.0 = Debug|Any CPU
		{22AE2386-60F1-476E-9303-61CDB0AAC4CF}.Debug|x64.ActiveCfg = Debug|Any CPU
		{22AE2386-60F1-476E-9303-61CDB0AAC4CF}.Debug|x86.ActiveCfg = Debug|Any CPU
		{22AE2386-60F1-476E-9303-61CDB0AAC4CF}.Launch|Any CPU.ActiveCfg = ReleaseSigned|Any CPU
		{22AE2386-60F1-476E-9303-61CDB0AAC4CF}.Launch|Any CPU.Build.0 = ReleaseSigned|Any CPU
		{22AE2386-60F1-476E-9303-61CDB0AAC4CF}.Launch|Mixed Platforms.ActiveCfg = ReleaseSigned|Any CPU
		{22AE2386-60F1-476E-9303-61CDB0AAC4CF}.Launch|Mixed Platforms.Build.0 = ReleaseSigned|Any CPU
		{22AE2386-60F1-476E-9303-61CDB0AAC4CF}.Launch|x64.ActiveCfg = ReleaseSigned|Any CPU
		{22AE2386-60F1-476E-9303-61CDB0AAC4CF}.Launch|x86.ActiveCfg = ReleaseSigned|Any CPU
		{22AE2386-60F1-476E-9303-61CDB0AAC4CF}.Release|Any CPU.ActiveCfg = Release|Any CPU
		{22AE2386-60F1-476E-9303-61CDB0AAC4CF}.Release|Any CPU.Build.0 = Release|Any CPU
		{22AE2386-60F1-476E-9303-61CDB0AAC4CF}.Release|Mixed Platforms.ActiveCfg = Release|Any CPU
		{22AE2386-60F1-476E-9303-61CDB0AAC4CF}.Release|Mixed Platforms.Build.0 = Release|Any CPU
		{22AE2386-60F1-476E-9303-61CDB0AAC4CF}.Release|x64.ActiveCfg = Release|Any CPU
		{22AE2386-60F1-476E-9303-61CDB0AAC4CF}.Release|x86.ActiveCfg = Release|Any CPU
		{6053AD6B-405B-4F9F-8F6B-8FA3B05AA7F8}.Debug|Any CPU.ActiveCfg = Debug|Any CPU
		{6053AD6B-405B-4F9F-8F6B-8FA3B05AA7F8}.Debug|Any CPU.Build.0 = Debug|Any CPU
		{6053AD6B-405B-4F9F-8F6B-8FA3B05AA7F8}.Debug|Mixed Platforms.ActiveCfg = Debug|Any CPU
		{6053AD6B-405B-4F9F-8F6B-8FA3B05AA7F8}.Debug|Mixed Platforms.Build.0 = Debug|Any CPU
		{6053AD6B-405B-4F9F-8F6B-8FA3B05AA7F8}.Debug|x64.ActiveCfg = Debug|Any CPU
		{6053AD6B-405B-4F9F-8F6B-8FA3B05AA7F8}.Debug|x86.ActiveCfg = Debug|Any CPU
		{6053AD6B-405B-4F9F-8F6B-8FA3B05AA7F8}.Launch|Any CPU.ActiveCfg = Release|Any CPU
		{6053AD6B-405B-4F9F-8F6B-8FA3B05AA7F8}.Launch|Any CPU.Build.0 = Release|Any CPU
		{6053AD6B-405B-4F9F-8F6B-8FA3B05AA7F8}.Launch|Mixed Platforms.ActiveCfg = Release|Any CPU
		{6053AD6B-405B-4F9F-8F6B-8FA3B05AA7F8}.Launch|Mixed Platforms.Build.0 = Release|Any CPU
		{6053AD6B-405B-4F9F-8F6B-8FA3B05AA7F8}.Launch|x64.ActiveCfg = Release|Any CPU
		{6053AD6B-405B-4F9F-8F6B-8FA3B05AA7F8}.Launch|x86.ActiveCfg = Release|Any CPU
		{6053AD6B-405B-4F9F-8F6B-8FA3B05AA7F8}.Release|Any CPU.ActiveCfg = Release|Any CPU
		{6053AD6B-405B-4F9F-8F6B-8FA3B05AA7F8}.Release|Any CPU.Build.0 = Release|Any CPU
		{6053AD6B-405B-4F9F-8F6B-8FA3B05AA7F8}.Release|Mixed Platforms.ActiveCfg = Release|Any CPU
		{6053AD6B-405B-4F9F-8F6B-8FA3B05AA7F8}.Release|Mixed Platforms.Build.0 = Release|Any CPU
		{6053AD6B-405B-4F9F-8F6B-8FA3B05AA7F8}.Release|x64.ActiveCfg = Release|Any CPU
		{6053AD6B-405B-4F9F-8F6B-8FA3B05AA7F8}.Release|x86.ActiveCfg = Release|Any CPU
		{6B168ED9-1D66-41C7-8C59-2827C8D3BB54}.Debug|Any CPU.ActiveCfg = Debug|Any CPU
		{6B168ED9-1D66-41C7-8C59-2827C8D3BB54}.Debug|Any CPU.Build.0 = Debug|Any CPU
		{6B168ED9-1D66-41C7-8C59-2827C8D3BB54}.Debug|Mixed Platforms.ActiveCfg = Debug|Any CPU
		{6B168ED9-1D66-41C7-8C59-2827C8D3BB54}.Debug|Mixed Platforms.Build.0 = Debug|Any CPU
		{6B168ED9-1D66-41C7-8C59-2827C8D3BB54}.Debug|x64.ActiveCfg = Debug|Any CPU
		{6B168ED9-1D66-41C7-8C59-2827C8D3BB54}.Debug|x86.ActiveCfg = Debug|Any CPU
		{6B168ED9-1D66-41C7-8C59-2827C8D3BB54}.Launch|Any CPU.ActiveCfg = Release|Any CPU
		{6B168ED9-1D66-41C7-8C59-2827C8D3BB54}.Launch|Any CPU.Build.0 = Release|Any CPU
		{6B168ED9-1D66-41C7-8C59-2827C8D3BB54}.Launch|Mixed Platforms.ActiveCfg = Release|Any CPU
		{6B168ED9-1D66-41C7-8C59-2827C8D3BB54}.Launch|Mixed Platforms.Build.0 = Release|Any CPU
		{6B168ED9-1D66-41C7-8C59-2827C8D3BB54}.Launch|x64.ActiveCfg = Release|Any CPU
		{6B168ED9-1D66-41C7-8C59-2827C8D3BB54}.Launch|x86.ActiveCfg = Release|Any CPU
		{6B168ED9-1D66-41C7-8C59-2827C8D3BB54}.Release|Any CPU.ActiveCfg = Release|Any CPU
		{6B168ED9-1D66-41C7-8C59-2827C8D3BB54}.Release|Any CPU.Build.0 = Release|Any CPU
		{6B168ED9-1D66-41C7-8C59-2827C8D3BB54}.Release|Mixed Platforms.ActiveCfg = Release|Any CPU
		{6B168ED9-1D66-41C7-8C59-2827C8D3BB54}.Release|Mixed Platforms.Build.0 = Release|Any CPU
		{6B168ED9-1D66-41C7-8C59-2827C8D3BB54}.Release|x64.ActiveCfg = Release|Any CPU
		{6B168ED9-1D66-41C7-8C59-2827C8D3BB54}.Release|x86.ActiveCfg = Release|Any CPU
		{4CBA9659-2229-457E-9929-F28804E840D5}.Debug|Any CPU.ActiveCfg = Debug|Any CPU
		{4CBA9659-2229-457E-9929-F28804E840D5}.Debug|Any CPU.Build.0 = Debug|Any CPU
		{4CBA9659-2229-457E-9929-F28804E840D5}.Debug|Mixed Platforms.ActiveCfg = Debug|Any CPU
		{4CBA9659-2229-457E-9929-F28804E840D5}.Debug|Mixed Platforms.Build.0 = Debug|Any CPU
		{4CBA9659-2229-457E-9929-F28804E840D5}.Debug|x64.ActiveCfg = Debug|Any CPU
		{4CBA9659-2229-457E-9929-F28804E840D5}.Debug|x86.ActiveCfg = Debug|Any CPU
		{4CBA9659-2229-457E-9929-F28804E840D5}.Launch|Any CPU.ActiveCfg = Release|Any CPU
		{4CBA9659-2229-457E-9929-F28804E840D5}.Launch|Any CPU.Build.0 = Release|Any CPU
		{4CBA9659-2229-457E-9929-F28804E840D5}.Launch|Mixed Platforms.ActiveCfg = Release|Any CPU
		{4CBA9659-2229-457E-9929-F28804E840D5}.Launch|Mixed Platforms.Build.0 = Release|Any CPU
		{4CBA9659-2229-457E-9929-F28804E840D5}.Launch|x64.ActiveCfg = Release|Any CPU
		{4CBA9659-2229-457E-9929-F28804E840D5}.Launch|x86.ActiveCfg = Release|Any CPU
		{4CBA9659-2229-457E-9929-F28804E840D5}.Release|Any CPU.ActiveCfg = Release|Any CPU
		{4CBA9659-2229-457E-9929-F28804E840D5}.Release|Any CPU.Build.0 = Release|Any CPU
		{4CBA9659-2229-457E-9929-F28804E840D5}.Release|Mixed Platforms.ActiveCfg = Release|Any CPU
		{4CBA9659-2229-457E-9929-F28804E840D5}.Release|Mixed Platforms.Build.0 = Release|Any CPU
		{4CBA9659-2229-457E-9929-F28804E840D5}.Release|x64.ActiveCfg = Release|Any CPU
		{4CBA9659-2229-457E-9929-F28804E840D5}.Release|x86.ActiveCfg = Release|Any CPU
	EndGlobalSection
	GlobalSection(SolutionProperties) = preSolution
		HideSolutionNode = FALSE
	EndGlobalSection
	GlobalSection(ExtensibilityGlobals) = postSolution
		CodeStyleEnforcer_RulesLocation = 0
	EndGlobalSection
	GlobalSection(Performance) = preSolution
		HasPerformanceSessions = true
	EndGlobalSection
	GlobalSection(MonoDevelopProperties) = preSolution
		StartupItem = ProjectSpace.Data\ProjectSpace.Data.csproj
	EndGlobalSection
	GlobalSection(MonoDevelopProperties) = preSolution
		StartupItem = Samples\Browser\Axiom.Samples.Browser.Linux.2010.csproj
	EndGlobalSection
EndGlobal
